// !$*UTF8*$!
{
	archiveVersion = 1;
	classes = {
	};
	objectVersion = 56;
	objects = {

/* Begin PBXBuildFile section */
		A10000000000000000000001 /* SENSTAApp.swift in Sources */ = {isa = PBXBuildFile; fileRef = A20000000000000000000004 /* SENSTAApp.swift */; };
		A10000000000000000000002 /* ContentView.swift in Sources */ = {isa = PBXBuildFile; fileRef = A20000000000000000000005 /* ContentView.swift */; };
		A10000000000000000000003 /* AppConfiguration.swift in Sources */ = {isa = PBXBuildFile; fileRef = A20000000000000000000006 /* AppConfiguration.swift */; };
		A10000000000000000000004 /* Assets.xcassets in Resources */ = {isa = PBXBuildFile; fileRef = A20000000000000000000007 /* Assets.xcassets */; };
		A10000000000000000000005 /* AppConfigurationTests.swift in Sources */ = {isa = PBXBuildFile; fileRef = A20000000000000000000009 /* AppConfigurationTests.swift */; };
		A10000000000000000000006 /* SENSTAUITests.swift in Sources */ = {isa = PBXBuildFile; fileRef = A2000000000000000000000A /* SENSTAUITests.swift */; };
		A10000000000000000000007 /* PhotoFeedModels.swift in Sources */ = {isa = PBXBuildFile; fileRef = A2000000000000000000000F /* PhotoFeedModels.swift */; };
		A10000000000000000000008 /* PhotoFeedService.swift in Sources */ = {isa = PBXBuildFile; fileRef = A20000000000000000000010 /* PhotoFeedService.swift */; };
		A10000000000000000000009 /* PhotoFeedViewModel.swift in Sources */ = {isa = PBXBuildFile; fileRef = A20000000000000000000011 /* PhotoFeedViewModel.swift */; };
		A1000000000000000000000A /* PhotoFeedContractTests.swift in Sources */ = {isa = PBXBuildFile; fileRef = A20000000000000000000012 /* PhotoFeedContractTests.swift */; };
		A1000000000000000000000B /* PhotoFeedViewModelTests.swift in Sources */ = {isa = PBXBuildFile; fileRef = A20000000000000000000013 /* PhotoFeedViewModelTests.swift */; };
		A1000000000000000000000C /* board-list-photo.json in Resources */ = {isa = PBXBuildFile; fileRef = A20000000000000000000014 /* board-list-photo.json */; };
		A1000000000000000000000D /* PhotoPostDetailModels.swift in Sources */ = {isa = PBXBuildFile; fileRef = A20000000000000000000015 /* PhotoPostDetailModels.swift */; };
		A1000000000000000000000E /* PhotoPostDetailService.swift in Sources */ = {isa = PBXBuildFile; fileRef = A20000000000000000000016 /* PhotoPostDetailService.swift */; };
		A1000000000000000000000F /* PhotoPostDetailViewModel.swift in Sources */ = {isa = PBXBuildFile; fileRef = A20000000000000000000017 /* PhotoPostDetailViewModel.swift */; };
		A10000000000000000000010 /* PhotoPostDetailView.swift in Sources */ = {isa = PBXBuildFile; fileRef = A20000000000000000000018 /* PhotoPostDetailView.swift */; };
		A10000000000000000000011 /* PhotoPostDetailContractTests.swift in Sources */ = {isa = PBXBuildFile; fileRef = A20000000000000000000019 /* PhotoPostDetailContractTests.swift */; };
		A10000000000000000000012 /* PhotoPostDetailViewModelTests.swift in Sources */ = {isa = PBXBuildFile; fileRef = A2000000000000000000001A /* PhotoPostDetailViewModelTests.swift */; };
		A10000000000000000000013 /* board-view-photo.json in Resources */ = {isa = PBXBuildFile; fileRef = A2000000000000000000001B /* board-view-photo.json */; };
		A10000000000000000000014 /* PhotoImagePipeline.swift in Sources */ = {isa = PBXBuildFile; fileRef = A2000000000000000000001C /* PhotoImagePipeline.swift */; };
		A10000000000000000000015 /* PhotoImagePipelineTests.swift in Sources */ = {isa = PBXBuildFile; fileRef = A2000000000000000000001D /* PhotoImagePipelineTests.swift */; };
		B10000000000000000000001 /* PhotoViewer.swift in Sources */ = {isa = PBXBuildFile; fileRef = B20000000000000000000001 /* PhotoViewer.swift */; };
		B10000000000000000000002 /* PhotoComments.swift in Sources */ = {isa = PBXBuildFile; fileRef = B20000000000000000000002 /* PhotoComments.swift */; };
		B10000000000000000000003 /* PhotoCommentsTests.swift in Sources */ = {isa = PBXBuildFile; fileRef = B20000000000000000000003 /* PhotoCommentsTests.swift */; };
		B10000000000000000000004 /* PhotoSearchView.swift in Sources */ = {isa = PBXBuildFile; fileRef = B20000000000000000000004 /* PhotoSearchView.swift */; };
		B10000000000000000000005 /* PhotographerView.swift in Sources */ = {isa = PBXBuildFile; fileRef = B20000000000000000000005 /* PhotographerView.swift */; };
		B10000000000000000000006 /* AccountSession.swift in Sources */ = {isa = PBXBuildFile; fileRef = B20000000000000000000006 /* AccountSession.swift */; };
		B10000000000000000000007 /* AccountView.swift in Sources */ = {isa = PBXBuildFile; fileRef = B20000000000000000000007 /* AccountView.swift */; };
		B10000000000000000000008 /* AccountSessionTests.swift in Sources */ = {isa = PBXBuildFile; fileRef = B20000000000000000000008 /* AccountSessionTests.swift */; };
		B10000000000000000000009 /* PhotoPostLikes.swift in Sources */ = {isa = PBXBuildFile; fileRef = B20000000000000000000009 /* PhotoPostLikes.swift */; };
		B1000000000000000000000A /* PhotoPostLikesTests.swift in Sources */ = {isa = PBXBuildFile; fileRef = B2000000000000000000000A /* PhotoPostLikesTests.swift */; };
		B1000000000000000000000B /* PhotoCommentComposer.swift in Sources */ = {isa = PBXBuildFile; fileRef = B2000000000000000000000B /* PhotoCommentComposer.swift */; };
		B1000000000000000000000C /* PhotoCommentComposerTests.swift in Sources */ = {isa = PBXBuildFile; fileRef = B2000000000000000000000C /* PhotoCommentComposerTests.swift */; };
		B1000000000000000000000D /* PhotoCommentManagement.swift in Sources */ = {isa = PBXBuildFile; fileRef = B2000000000000000000000D /* PhotoCommentManagement.swift */; };
		C10000000000000000000001 /* GoogleSignInClient.swift in Sources */ = {isa = PBXBuildFile; fileRef = C20000000000000000000001 /* GoogleSignInClient.swift */; };
		C10000000000000000000002 /* GoogleSignIn in Frameworks */ = {isa = PBXBuildFile; productRef = C80000000000000000000001 /* GoogleSignIn */; };
		D10000000000000000000001 /* EmailSignupView.swift in Sources */ = {isa = PBXBuildFile; fileRef = D20000000000000000000001 /* EmailSignupView.swift */; };
		E10000000000000000000001 /* PhotoNotifications.swift in Sources */ = {isa = PBXBuildFile; fileRef = E20000000000000000000001 /* PhotoNotifications.swift */; };
		E10000000000000000000002 /* PhotoUpload.swift in Sources */ = {isa = PBXBuildFile; fileRef = E20000000000000000000002 /* PhotoUpload.swift */; };
		E10000000000000000000003 /* PhotoUploadAndNotificationTests.swift in Sources */ = {isa = PBXBuildFile; fileRef = E20000000000000000000003 /* PhotoUploadAndNotificationTests.swift */; };
		F10000000000000000000001 /* PasswordResetView.swift in Sources */ = {isa = PBXBuildFile; fileRef = F20000000000000000000001 /* PasswordResetView.swift */; };
		F10000000000000000000002 /* PhotoStudio.swift in Sources */ = {isa = PBXBuildFile; fileRef = F20000000000000000000002 /* PhotoStudio.swift */; };
		F10000000000000000000003 /* PhotoStudioTests.swift in Sources */ = {isa = PBXBuildFile; fileRef = F20000000000000000000003 /* PhotoStudioTests.swift */; };
/* End PBXBuildFile section */

/* Begin PBXContainerItemProxy section */
		A30000000000000000000001 /* PBXContainerItemProxy */ = {
			isa = PBXContainerItemProxy;
			containerPortal = A90000000000000000000001 /* Project object */;
			proxyType = 1;
			remoteGlobalIDString = A70000000000000000000001;
			remoteInfo = SENSTA;
		};
		A30000000000000000000002 /* PBXContainerItemProxy */ = {
			isa = PBXContainerItemProxy;
			containerPortal = A90000000000000000000001 /* Project object */;
			proxyType = 1;
			remoteGlobalIDString = A70000000000000000000001;
			remoteInfo = SENSTA;
		};
/* End PBXContainerItemProxy section */

/* Begin PBXFileReference section */
		A20000000000000000000001 /* SENSTA.app */ = {isa = PBXFileReference; explicitFileType = wrapper.application; includeInIndex = 0; path = SENSTA.app; sourceTree = BUILT_PRODUCTS_DIR; };
		A20000000000000000000002 /* SENSTATests.xctest */ = {isa = PBXFileReference; explicitFileType = wrapper.cfbundle; includeInIndex = 0; path = SENSTATests.xctest; sourceTree = BUILT_PRODUCTS_DIR; };
		A20000000000000000000003 /* SENSTAUITests.xctest */ = {isa = PBXFileReference; explicitFileType = wrapper.cfbundle; includeInIndex = 0; path = SENSTAUITests.xctest; sourceTree = BUILT_PRODUCTS_DIR; };
		A20000000000000000000004 /* SENSTAApp.swift */ = {isa = PBXFileReference; lastKnownFileType = sourcecode.swift; path = SENSTAApp.swift; sourceTree = "<group>"; };
		A20000000000000000000005 /* ContentView.swift */ = {isa = PBXFileReference; lastKnownFileType = sourcecode.swift; path = ContentView.swift; sourceTree = "<group>"; };
		A20000000000000000000006 /* AppConfiguration.swift */ = {isa = PBXFileReference; lastKnownFileType = sourcecode.swift; path = AppConfiguration.swift; sourceTree = "<group>"; };
		A20000000000000000000007 /* Assets.xcassets */ = {isa = PBXFileReference; lastKnownFileType = folder.assetcatalog; path = Assets.xcassets; sourceTree = "<group>"; };
		A20000000000000000000008 /* SENSTA.entitlements */ = {isa = PBXFileReference; lastKnownFileType = text.plist.entitlements; path = SENSTA.entitlements; sourceTree = "<group>"; };
		A20000000000000000000009 /* AppConfigurationTests.swift */ = {isa = PBXFileReference; lastKnownFileType = sourcecode.swift; path = AppConfigurationTests.swift; sourceTree = "<group>"; };
		A2000000000000000000000A /* SENSTAUITests.swift */ = {isa = PBXFileReference; lastKnownFileType = sourcecode.swift; path = SENSTAUITests.swift; sourceTree = "<group>"; };
		A2000000000000000000000B /* Base.xcconfig */ = {isa = PBXFileReference; lastKnownFileType = text.xcconfig; path = Base.xcconfig; sourceTree = "<group>"; };
		A2000000000000000000000C /* Debug.xcconfig */ = {isa = PBXFileReference; lastKnownFileType = text.xcconfig; path = Debug.xcconfig; sourceTree = "<group>"; };
		A2000000000000000000000D /* Release.xcconfig */ = {isa = PBXFileReference; lastKnownFileType = text.xcconfig; path = Release.xcconfig; sourceTree = "<group>"; };
		A2000000000000000000000E /* Info.plist */ = {isa = PBXFileReference; lastKnownFileType = text.plist.xml; path = Info.plist; sourceTree = "<group>"; };
		A2000000000000000000000F /* PhotoFeedModels.swift */ = {isa = PBXFileReference; lastKnownFileType = sourcecode.swift; path = PhotoFeedModels.swift; sourceTree = "<group>"; };
		A20000000000000000000010 /* PhotoFeedService.swift */ = {isa = PBXFileReference; lastKnownFileType = sourcecode.swift; path = PhotoFeedService.swift; sourceTree = "<group>"; };
		A20000000000000000000011 /* PhotoFeedViewModel.swift */ = {isa = PBXFileReference; lastKnownFileType = sourcecode.swift; path = PhotoFeedViewModel.swift; sourceTree = "<group>"; };
		A20000000000000000000012 /* PhotoFeedContractTests.swift */ = {isa = PBXFileReference; lastKnownFileType = sourcecode.swift; path = PhotoFeedContractTests.swift; sourceTree = "<group>"; };
		A20000000000000000000013 /* PhotoFeedViewModelTests.swift */ = {isa = PBXFileReference; lastKnownFileType = sourcecode.swift; path = PhotoFeedViewModelTests.swift; sourceTree = "<group>"; };
		A20000000000000000000014 /* board-list-photo.json */ = {isa = PBXFileReference; lastKnownFileType = text.json; path = "board-list-photo.json"; sourceTree = "<group>"; };
		A20000000000000000000015 /* PhotoPostDetailModels.swift */ = {isa = PBXFileReference; lastKnownFileType = sourcecode.swift; path = PhotoPostDetailModels.swift; sourceTree = "<group>"; };
		A20000000000000000000016 /* PhotoPostDetailService.swift */ = {isa = PBXFileReference; lastKnownFileType = sourcecode.swift; path = PhotoPostDetailService.swift; sourceTree = "<group>"; };
		A20000000000000000000017 /* PhotoPostDetailViewModel.swift */ = {isa = PBXFileReference; lastKnownFileType = sourcecode.swift; path = PhotoPostDetailViewModel.swift; sourceTree = "<group>"; };
		A20000000000000000000018 /* PhotoPostDetailView.swift */ = {isa = PBXFileReference; lastKnownFileType = sourcecode.swift; path = PhotoPostDetailView.swift; sourceTree = "<group>"; };
		A20000000000000000000019 /* PhotoPostDetailContractTests.swift */ = {isa = PBXFileReference; lastKnownFileType = sourcecode.swift; path = PhotoPostDetailContractTests.swift; sourceTree = "<group>"; };
		A2000000000000000000001A /* PhotoPostDetailViewModelTests.swift */ = {isa = PBXFileReference; lastKnownFileType = sourcecode.swift; path = PhotoPostDetailViewModelTests.swift; sourceTree = "<group>"; };
		A2000000000000000000001B /* board-view-photo.json */ = {isa = PBXFileReference; lastKnownFileType = text.json; path = "board-view-photo.json"; sourceTree = "<group>"; };
		A2000000000000000000001C /* PhotoImagePipeline.swift */ = {isa = PBXFileReference; lastKnownFileType = sourcecode.swift; path = PhotoImagePipeline.swift; sourceTree = "<group>"; };
		A2000000000000000000001D /* PhotoImagePipelineTests.swift */ = {isa = PBXFileReference; lastKnownFileType = sourcecode.swift; path = PhotoImagePipelineTests.swift; sourceTree = "<group>"; };
		B20000000000000000000001 /* PhotoViewer.swift */ = {isa = PBXFileReference; lastKnownFileType = sourcecode.swift; path = PhotoViewer.swift; sourceTree = "<group>"; };
		B20000000000000000000002 /* PhotoComments.swift */ = {isa = PBXFileReference; lastKnownFileType = sourcecode.swift; path = PhotoComments.swift; sourceTree = "<group>"; };
		B20000000000000000000003 /* PhotoCommentsTests.swift */ = {isa = PBXFileReference; lastKnownFileType = sourcecode.swift; path = PhotoCommentsTests.swift; sourceTree = "<group>"; };
		B20000000000000000000004 /* PhotoSearchView.swift */ = {isa = PBXFileReference; lastKnownFileType = sourcecode.swift; path = PhotoSearchView.swift; sourceTree = "<group>"; };
		B20000000000000000000005 /* PhotographerView.swift */ = {isa = PBXFileReference; lastKnownFileType = sourcecode.swift; path = PhotographerView.swift; sourceTree = "<group>"; };
		B20000000000000000000006 /* AccountSession.swift */ = {isa = PBXFileReference; lastKnownFileType = sourcecode.swift; path = AccountSession.swift; sourceTree = "<group>"; };
		B20000000000000000000007 /* AccountView.swift */ = {isa = PBXFileReference; lastKnownFileType = sourcecode.swift; path = AccountView.swift; sourceTree = "<group>"; };
		B20000000000000000000008 /* AccountSessionTests.swift */ = {isa = PBXFileReference; lastKnownFileType = sourcecode.swift; path = AccountSessionTests.swift; sourceTree = "<group>"; };
		B20000000000000000000009 /* PhotoPostLikes.swift */ = {isa = PBXFileReference; lastKnownFileType = sourcecode.swift; path = PhotoPostLikes.swift; sourceTree = "<group>"; };
		B2000000000000000000000A /* PhotoPostLikesTests.swift */ = {isa = PBXFileReference; lastKnownFileType = sourcecode.swift; path = PhotoPostLikesTests.swift; sourceTree = "<group>"; };
		B2000000000000000000000B /* PhotoCommentComposer.swift */ = {isa = PBXFileReference; lastKnownFileType = sourcecode.swift; path = PhotoCommentComposer.swift; sourceTree = "<group>"; };
		B2000000000000000000000C /* PhotoCommentComposerTests.swift */ = {isa = PBXFileReference; lastKnownFileType = sourcecode.swift; path = PhotoCommentComposerTests.swift; sourceTree = "<group>"; };
		B2000000000000000000000D /* PhotoCommentManagement.swift */ = {isa = PBXFileReference; lastKnownFileType = sourcecode.swift; path = PhotoCommentManagement.swift; sourceTree = "<group>"; };
		C20000000000000000000001 /* GoogleSignInClient.swift */ = {isa = PBXFileReference; lastKnownFileType = sourcecode.swift; path = GoogleSignInClient.swift; sourceTree = "<group>"; };
		D20000000000000000000001 /* EmailSignupView.swift */ = {isa = PBXFileReference; lastKnownFileType = sourcecode.swift; path = EmailSignupView.swift; sourceTree = "<group>"; };
		E20000000000000000000001 /* PhotoNotifications.swift */ = {isa = PBXFileReference; lastKnownFileType = sourcecode.swift; path = PhotoNotifications.swift; sourceTree = "<group>"; };
		E20000000000000000000002 /* PhotoUpload.swift */ = {isa = PBXFileReference; lastKnownFileType = sourcecode.swift; path = PhotoUpload.swift; sourceTree = "<group>"; };
		E20000000000000000000003 /* PhotoUploadAndNotificationTests.swift */ = {isa = PBXFileReference; lastKnownFileType = sourcecode.swift; path = PhotoUploadAndNotificationTests.swift; sourceTree = "<group>"; };
		F20000000000000000000001 /* PasswordResetView.swift */ = {isa = PBXFileReference; lastKnownFileType = sourcecode.swift; path = PasswordResetView.swift; sourceTree = "<group>"; };
		F20000000000000000000002 /* PhotoStudio.swift */ = {isa = PBXFileReference; lastKnownFileType = sourcecode.swift; path = PhotoStudio.swift; sourceTree = "<group>"; };
		F20000000000000000000003 /* PhotoStudioTests.swift */ = {isa = PBXFileReference; lastKnownFileType = sourcecode.swift; path = PhotoStudioTests.swift; sourceTree = "<group>"; };
/* End PBXFileReference section */

/* Begin PBXFrameworksBuildPhase section */
		A40000000000000000000001 /* Frameworks */ = {
			isa = PBXFrameworksBuildPhase;
			buildActionMask = 2147483647;
			files = (
				C10000000000000000000002 /* GoogleSignIn in Frameworks */,
			);
			runOnlyForDeploymentPostprocessing = 0;
		};
		A40000000000000000000004 /* Frameworks */ = {
			isa = PBXFrameworksBuildPhase;
			buildActionMask = 2147483647;
			files = (
			);
			runOnlyForDeploymentPostprocessing = 0;
		};
		A40000000000000000000007 /* Frameworks */ = {
			isa = PBXFrameworksBuildPhase;
			buildActionMask = 2147483647;
			files = (
			);
			runOnlyForDeploymentPostprocessing = 0;
		};
/* End PBXFrameworksBuildPhase section */

/* Begin PBXGroup section */
		A50000000000000000000001 = {
			isa = PBXGroup;
			children = (
				A50000000000000000000002 /* SENSTA */,
				A50000000000000000000003 /* SENSTATests */,
				A50000000000000000000004 /* SENSTAUITests */,
				A50000000000000000000005 /* Config */,
				A50000000000000000000006 /* Products */,
			);
			sourceTree = "<group>";
		};
		A50000000000000000000002 /* SENSTA */ = {
			isa = PBXGroup;
			children = (
				A20000000000000000000004 /* SENSTAApp.swift */,
				A20000000000000000000005 /* ContentView.swift */,
				A20000000000000000000006 /* AppConfiguration.swift */,
				A2000000000000000000000F /* PhotoFeedModels.swift */,
				A20000000000000000000010 /* PhotoFeedService.swift */,
				A20000000000000000000011 /* PhotoFeedViewModel.swift */,
				A20000000000000000000015 /* PhotoPostDetailModels.swift */,
				A20000000000000000000016 /* PhotoPostDetailService.swift */,
				A20000000000000000000017 /* PhotoPostDetailViewModel.swift */,
				A20000000000000000000018 /* PhotoPostDetailView.swift */,
				B20000000000000000000001 /* PhotoViewer.swift */,
				B20000000000000000000004 /* PhotoSearchView.swift */,
				B20000000000000000000005 /* PhotographerView.swift */,
				B20000000000000000000007 /* AccountView.swift */,
				B20000000000000000000006 /* AccountSession.swift */,
				D20000000000000000000001 /* EmailSignupView.swift */,
				F20000000000000000000001 /* PasswordResetView.swift */,
				F20000000000000000000002 /* PhotoStudio.swift */,
				C20000000000000000000001 /* GoogleSignInClient.swift */,
				B20000000000000000000009 /* PhotoPostLikes.swift */,
				B2000000000000000000000B /* PhotoCommentComposer.swift */,
				B2000000000000000000000D /* PhotoCommentManagement.swift */,
				B20000000000000000000002 /* PhotoComments.swift */,
				E20000000000000000000001 /* PhotoNotifications.swift */,
				E20000000000000000000002 /* PhotoUpload.swift */,
				A2000000000000000000001C /* PhotoImagePipeline.swift */,
				A20000000000000000000007 /* Assets.xcassets */,
				A2000000000000000000000E /* Info.plist */,
				A20000000000000000000008 /* SENSTA.entitlements */,
			);
			path = SENSTA;
			sourceTree = "<group>";
		};
		A50000000000000000000003 /* SENSTATests */ = {
			isa = PBXGroup;
			children = (
				A20000000000000000000009 /* AppConfigurationTests.swift */,
				A20000000000000000000012 /* PhotoFeedContractTests.swift */,
				A20000000000000000000013 /* PhotoFeedViewModelTests.swift */,
				A20000000000000000000019 /* PhotoPostDetailContractTests.swift */,
				B20000000000000000000003 /* PhotoCommentsTests.swift */,
				B20000000000000000000008 /* AccountSessionTests.swift */,
				B2000000000000000000000A /* PhotoPostLikesTests.swift */,
				B2000000000000000000000C /* PhotoCommentComposerTests.swift */,
				A2000000000000000000001A /* PhotoPostDetailViewModelTests.swift */,
				A2000000000000000000001D /* PhotoImagePipelineTests.swift */,
				E20000000000000000000003 /* PhotoUploadAndNotificationTests.swift */,
				F20000000000000000000003 /* PhotoStudioTests.swift */,
				A50000000000000000000007 /* Fixtures */,
			);
			path = SENSTATests;
			sourceTree = "<group>";
		};
		A50000000000000000000007 /* Fixtures */ = {
			isa = PBXGroup;
			children = (
				A20000000000000000000014 /* board-list-photo.json */,
				A2000000000000000000001B /* board-view-photo.json */,
			);
			path = Fixtures;
			sourceTree = "<group>";
		};
		A50000000000000000000004 /* SENSTAUITests */ = {
			isa = PBXGroup;
			children = (
				A2000000000000000000000A /* SENSTAUITests.swift */,
			);
			path = SENSTAUITests;
			sourceTree = "<group>";
		};
		A50000000000000000000005 /* Config */ = {
			isa = PBXGroup;
			children = (
				A2000000000000000000000B /* Base.xcconfig */,
				A2000000000000000000000C /* Debug.xcconfig */,
				A2000000000000000000000D /* Release.xcconfig */,
			);
			path = Config;
			sourceTree = "<group>";
		};
		A50000000000000000000006 /* Products */ = {
			isa = PBXGroup;
			children = (
				A20000000000000000000001 /* SENSTA.app */,
				A20000000000000000000002 /* SENSTATests.xctest */,
				A20000000000000000000003 /* SENSTAUITests.xctest */,
			);
			name = Products;
			sourceTree = "<group>";
		};
/* End PBXGroup section */

/* Begin PBXNativeTarget section */
		A70000000000000000000001 /* SENSTA */ = {
			isa = PBXNativeTarget;
			buildConfigurationList = AB0000000000000000000002 /* Build configuration list for PBXNativeTarget "SENSTA" */;
			buildPhases = (
				A40000000000000000000002 /* Sources */,
				A40000000000000000000001 /* Frameworks */,
				A40000000000000000000003 /* Resources */,
			);
			buildRules = (
			);
			dependencies = (
			);
			name = SENSTA;
			packageProductDependencies = (
				C80000000000000000000001 /* GoogleSignIn */,
			);
			productName = SENSTA;
			productReference = A20000000000000000000001 /* SENSTA.app */;
			productType = "com.apple.product-type.application";
		};
		A70000000000000000000002 /* SENSTATests */ = {
			isa = PBXNativeTarget;
			buildConfigurationList = AB0000000000000000000003 /* Build configuration list for PBXNativeTarget "SENSTATests" */;
			buildPhases = (
				A40000000000000000000005 /* Sources */,
				A40000000000000000000004 /* Frameworks */,
				A40000000000000000000006 /* Resources */,
			);
			buildRules = (
			);
			dependencies = (
				A80000000000000000000001 /* PBXTargetDependency */,
			);
			name = SENSTATests;
			productName = SENSTATests;
			productReference = A20000000000000000000002 /* SENSTATests.xctest */;
			productType = "com.apple.product-type.bundle.unit-test";
		};
		A70000000000000000000003 /* SENSTAUITests */ = {
			isa = PBXNativeTarget;
			buildConfigurationList = AB0000000000000000000004 /* Build configuration list for PBXNativeTarget "SENSTAUITests" */;
			buildPhases = (
				A40000000000000000000008 /* Sources */,
				A40000000000000000000007 /* Frameworks */,
				A40000000000000000000009 /* Resources */,
			);
			buildRules = (
			);
			dependencies = (
				A80000000000000000000002 /* PBXTargetDependency */,
			);
			name = SENSTAUITests;
			productName = SENSTAUITests;
			productReference = A20000000000000000000003 /* SENSTAUITests.xctest */;
			productType = "com.apple.product-type.bundle.ui-testing";
		};
/* End PBXNativeTarget section */

/* Begin PBXProject section */
		A90000000000000000000001 /* Project object */ = {
			isa = PBXProject;
			attributes = {
				BuildIndependentTargetsInParallel = 1;
				LastSwiftUpdateCheck = 2700;
				LastUpgradeCheck = 2700;
				TargetAttributes = {
					A70000000000000000000001 = {
						CreatedOnToolsVersion = 27.0;
						ProvisioningStyle = Automatic;
						SystemCapabilities = {
							com.apple.AssociatedDomains = {
								enabled = 1;
							};
							com.apple.Push = {
								enabled = 1;
							};
							com.apple.SignInWithApple = {
								enabled = 1;
							};
						};
					};
					A70000000000000000000002 = {
						CreatedOnToolsVersion = 27.0;
					};
					A70000000000000000000003 = {
						CreatedOnToolsVersion = 27.0;
						TestTargetID = A70000000000000000000001;
					};
				};
			};
			buildConfigurationList = AB0000000000000000000001 /* Build configuration list for PBXProject "SENSTA" */;
			compatibilityVersion = "Xcode 14.0";
			developmentRegion = ko;
			hasScannedForEncodings = 0;
			knownRegions = (
				ko,
				en,
				Base,
			);
			mainGroup = A50000000000000000000001;
			productRefGroup = A50000000000000000000006 /* Products */;
			packageReferences = (
				C70000000000000000000001 /* XCRemoteSwiftPackageReference "GoogleSignIn-iOS" */,
			);
			projectDirPath = "";
			projectRoot = "";
			targets = (
				A70000000000000000000001 /* SENSTA */,
				A70000000000000000000002 /* SENSTATests */,
				A70000000000000000000003 /* SENSTAUITests */,
			);
		};
/* End PBXProject section */

/* Begin PBXResourcesBuildPhase section */
		A40000000000000000000003 /* Resources */ = {
			isa = PBXResourcesBuildPhase;
			buildActionMask = 2147483647;
			files = (
				A10000000000000000000004 /* Assets.xcassets in Resources */,
			);
			runOnlyForDeploymentPostprocessing = 0;
		};
		A40000000000000000000006 /* Resources */ = {
			isa = PBXResourcesBuildPhase;
			buildActionMask = 2147483647;
			files = (
				A1000000000000000000000C /* board-list-photo.json in Resources */,
				A10000000000000000000013 /* board-view-photo.json in Resources */,
			);
			runOnlyForDeploymentPostprocessing = 0;
		};
		A40000000000000000000009 /* Resources */ = {
			isa = PBXResourcesBuildPhase;
			buildActionMask = 2147483647;
			files = (
			);
			runOnlyForDeploymentPostprocessing = 0;
		};
/* End PBXResourcesBuildPhase section */

/* Begin PBXSourcesBuildPhase section */
		A40000000000000000000002 /* Sources */ = {
			isa = PBXSourcesBuildPhase;
			buildActionMask = 2147483647;
			files = (
				A10000000000000000000003 /* AppConfiguration.swift in Sources */,
				A10000000000000000000002 /* ContentView.swift in Sources */,
				A10000000000000000000007 /* PhotoFeedModels.swift in Sources */,
				A10000000000000000000008 /* PhotoFeedService.swift in Sources */,
				A10000000000000000000009 /* PhotoFeedViewModel.swift in Sources */,
				A1000000000000000000000D /* PhotoPostDetailModels.swift in Sources */,
				A1000000000000000000000E /* PhotoPostDetailService.swift in Sources */,
				A1000000000000000000000F /* PhotoPostDetailViewModel.swift in Sources */,
				A10000000000000000000010 /* PhotoPostDetailView.swift in Sources */,
				B10000000000000000000001 /* PhotoViewer.swift in Sources */,
				B10000000000000000000004 /* PhotoSearchView.swift in Sources */,
				B10000000000000000000005 /* PhotographerView.swift in Sources */,
				B10000000000000000000007 /* AccountView.swift in Sources */,
				B10000000000000000000006 /* AccountSession.swift in Sources */,
				D10000000000000000000001 /* EmailSignupView.swift in Sources */,
				F10000000000000000000001 /* PasswordResetView.swift in Sources */,
				F10000000000000000000002 /* PhotoStudio.swift in Sources */,
				B10000000000000000000009 /* PhotoPostLikes.swift in Sources */,
				B1000000000000000000000B /* PhotoCommentComposer.swift in Sources */,
				B1000000000000000000000D /* PhotoCommentManagement.swift in Sources */,
				C10000000000000000000001 /* GoogleSignInClient.swift in Sources */,
				B10000000000000000000002 /* PhotoComments.swift in Sources */,
				E10000000000000000000001 /* PhotoNotifications.swift in Sources */,
				E10000000000000000000002 /* PhotoUpload.swift in Sources */,
				A10000000000000000000014 /* PhotoImagePipeline.swift in Sources */,
				A10000000000000000000001 /* SENSTAApp.swift in Sources */,
			);
			runOnlyForDeploymentPostprocessing = 0;
		};
		A40000000000000000000005 /* Sources */ = {
			isa = PBXSourcesBuildPhase;
			buildActionMask = 2147483647;
			files = (
				A10000000000000000000005 /* AppConfigurationTests.swift in Sources */,
				A1000000000000000000000A /* PhotoFeedContractTests.swift in Sources */,
				A1000000000000000000000B /* PhotoFeedViewModelTests.swift in Sources */,
				A10000000000000000000011 /* PhotoPostDetailContractTests.swift in Sources */,
				B10000000000000000000003 /* PhotoCommentsTests.swift in Sources */,
				B10000000000000000000008 /* AccountSessionTests.swift in Sources */,
				B1000000000000000000000A /* PhotoPostLikesTests.swift in Sources */,
				B1000000000000000000000C /* PhotoCommentComposerTests.swift in Sources */,
				E10000000000000000000003 /* PhotoUploadAndNotificationTests.swift in Sources */,
				F10000000000000000000003 /* PhotoStudioTests.swift in Sources */,
				A10000000000000000000012 /* PhotoPostDetailViewModelTests.swift in Sources */,
				A10000000000000000000015 /* PhotoImagePipelineTests.swift in Sources */,
			);
			runOnlyForDeploymentPostprocessing = 0;
		};
		A40000000000000000000008 /* Sources */ = {
			isa = PBXSourcesBuildPhase;
			buildActionMask = 2147483647;
			files = (
				A10000000000000000000006 /* SENSTAUITests.swift in Sources */,
			);
			runOnlyForDeploymentPostprocessing = 0;
		};
/* End PBXSourcesBuildPhase section */

/* Begin PBXTargetDependency section */
		A80000000000000000000001 /* PBXTargetDependency */ = {
			isa = PBXTargetDependency;
			target = A70000000000000000000001 /* SENSTA */;
			targetProxy = A30000000000000000000001 /* PBXContainerItemProxy */;
		};
		A80000000000000000000002 /* PBXTargetDependency */ = {
			isa = PBXTargetDependency;
			target = A70000000000000000000001 /* SENSTA */;
			targetProxy = A30000000000000000000002 /* PBXContainerItemProxy */;
		};
/* End PBXTargetDependency section */

/* Begin XCRemoteSwiftPackageReference section */
		C70000000000000000000001 /* XCRemoteSwiftPackageReference "GoogleSignIn-iOS" */ = {
			isa = XCRemoteSwiftPackageReference;
			repositoryURL = "https://github.com/google/GoogleSignIn-iOS";
			requirement = {
				kind = upToNextMajorVersion;
				minimumVersion = 9.2.0;
			};
		};
/* End XCRemoteSwiftPackageReference section */

/* Begin XCSwiftPackageProductDependency section */
		C80000000000000000000001 /* GoogleSignIn */ = {
			isa = XCSwiftPackageProductDependency;
			package = C70000000000000000000001 /* XCRemoteSwiftPackageReference "GoogleSignIn-iOS" */;
			productName = GoogleSignIn;
		};
/* End XCSwiftPackageProductDependency section */

/* Begin XCBuildConfiguration section */
		AA0000000000000000000001 /* Debug */ = {
			isa = XCBuildConfiguration;
			buildSettings = {
				ALWAYS_SEARCH_USER_PATHS = NO;
				ASSETCATALOG_COMPILER_GENERATE_SWIFT_ASSET_SYMBOL_EXTENSIONS = YES;
				CLANG_ENABLE_MODULES = YES;
				CLANG_ENABLE_OBJC_ARC = YES;
				COPY_PHASE_STRIP = NO;
				DEBUG_INFORMATION_FORMAT = dwarf;
				ENABLE_TESTABILITY = YES;
				GCC_C_LANGUAGE_STANDARD = gnu17;
				GCC_NO_COMMON_BLOCKS = YES;
				IPHONEOS_DEPLOYMENT_TARGET = 17.0;
				ONLY_ACTIVE_ARCH = YES;
				SDKROOT = iphoneos;
				SWIFT_ACTIVE_COMPILATION_CONDITIONS = "DEBUG $(inherited)";
				SWIFT_OPTIMIZATION_LEVEL = "-Onone";
				SWIFT_VERSION = 6.0;
			};
			name = Debug;
		};
		AA0000000000000000000002 /* Release */ = {
			isa = XCBuildConfiguration;
			buildSettings = {
				ALWAYS_SEARCH_USER_PATHS = NO;
				ASSETCATALOG_COMPILER_GENERATE_SWIFT_ASSET_SYMBOL_EXTENSIONS = YES;
				CLANG_ENABLE_MODULES = YES;
				CLANG_ENABLE_OBJC_ARC = YES;
				COPY_PHASE_STRIP = NO;
				DEBUG_INFORMATION_FORMAT = "dwarf-with-dsym";
				ENABLE_NS_ASSERTIONS = NO;
				GCC_C_LANGUAGE_STANDARD = gnu17;
				GCC_NO_COMMON_BLOCKS = YES;
				IPHONEOS_DEPLOYMENT_TARGET = 17.0;
				SDKROOT = iphoneos;
				SWIFT_COMPILATION_MODE = wholemodule;
				SWIFT_OPTIMIZATION_LEVEL = "-O";
				SWIFT_VERSION = 6.0;
				VALIDATE_PRODUCT = YES;
			};
			name = Release;
		};
		AA0000000000000000000003 /* Debug */ = {
			isa = XCBuildConfiguration;
			baseConfigurationReference = A2000000000000000000000C /* Debug.xcconfig */;
			buildSettings = {
				ASSETCATALOG_COMPILER_APPICON_NAME = AppIcon;
				ASSETCATALOG_COMPILER_GLOBAL_ACCENT_COLOR_NAME = AccentColor;
				CODE_SIGN_ENTITLEMENTS = SENSTA/SENSTA.entitlements;
				CURRENT_PROJECT_VERSION = 1;
				ENABLE_PREVIEWS = YES;
				GENERATE_INFOPLIST_FILE = NO;
				INFOPLIST_FILE = SENSTA/Info.plist;
				LD_RUNPATH_SEARCH_PATHS = (
					"$(inherited)",
					"@executable_path/Frameworks",
				);
				MARKETING_VERSION = 1.0;
				PRODUCT_NAME = "$(TARGET_NAME)";
				SUPPORTED_PLATFORMS = "iphoneos iphonesimulator";
				SUPPORTS_MACCATALYST = NO;
				SUPPORTS_MAC_DESIGNED_FOR_IPHONE_IPAD = NO;
				SUPPORTS_XR_DESIGNED_FOR_IPHONE_IPAD = NO;
				SWIFT_EMIT_LOC_STRINGS = YES;
			};
			name = Debug;
		};
		AA0000000000000000000004 /* Release */ = {
			isa = XCBuildConfiguration;
			baseConfigurationReference = A2000000000000000000000D /* Release.xcconfig */;
			buildSettings = {
				ASSETCATALOG_COMPILER_APPICON_NAME = AppIcon;
				ASSETCATALOG_COMPILER_GLOBAL_ACCENT_COLOR_NAME = AccentColor;
				CODE_SIGN_ENTITLEMENTS = SENSTA/SENSTA.entitlements;
				CURRENT_PROJECT_VERSION = 1;
				GENERATE_INFOPLIST_FILE = NO;
				INFOPLIST_FILE = SENSTA/Info.plist;
				LD_RUNPATH_SEARCH_PATHS = (
					"$(inherited)",
					"@executable_path/Frameworks",
				);
				MARKETING_VERSION = 1.0;
				PRODUCT_NAME = "$(TARGET_NAME)";
				SUPPORTED_PLATFORMS = "iphoneos iphonesimulator";
				SUPPORTS_MACCATALYST = NO;
				SUPPORTS_MAC_DESIGNED_FOR_IPHONE_IPAD = NO;
				SUPPORTS_XR_DESIGNED_FOR_IPHONE_IPAD = NO;
				SWIFT_EMIT_LOC_STRINGS = YES;
			};
			name = Release;
		};
		AA0000000000000000000005 /* Debug */ = {
			isa = XCBuildConfiguration;
			buildSettings = {
				BUNDLE_LOADER = "$(TEST_HOST)";
				CODE_SIGN_STYLE = Automatic;
				DEVELOPMENT_TEAM = WKPCU58CWL;
				GENERATE_INFOPLIST_FILE = YES;
				LD_RUNPATH_SEARCH_PATHS = (
					"$(inherited)",
					"@executable_path/Frameworks",
					"@loader_path/Frameworks",
				);
				PRODUCT_BUNDLE_IDENTIFIER = me.sensta.ios.tests;
				PRODUCT_NAME = "$(TARGET_NAME)";
				SWIFT_VERSION = 6.0;
				TARGETED_DEVICE_FAMILY = 1;
				TEST_HOST = "$(BUILT_PRODUCTS_DIR)/SENSTA.app/$(BUNDLE_EXECUTABLE_FOLDER_PATH)/SENSTA";
			};
			name = Debug;
		};
		AA0000000000000000000006 /* Release */ = {
			isa = XCBuildConfiguration;
			buildSettings = {
				BUNDLE_LOADER = "$(TEST_HOST)";
				CODE_SIGN_STYLE = Automatic;
				DEVELOPMENT_TEAM = WKPCU58CWL;
				GENERATE_INFOPLIST_FILE = YES;
				LD_RUNPATH_SEARCH_PATHS = (
					"$(inherited)",
					"@executable_path/Frameworks",
					"@loader_path/Frameworks",
				);
				PRODUCT_BUNDLE_IDENTIFIER = me.sensta.ios.tests;
				PRODUCT_NAME = "$(TARGET_NAME)";
				SWIFT_VERSION = 6.0;
				TARGETED_DEVICE_FAMILY = 1;
				TEST_HOST = "$(BUILT_PRODUCTS_DIR)/SENSTA.app/$(BUNDLE_EXECUTABLE_FOLDER_PATH)/SENSTA";
			};
			name = Release;
		};
		AA0000000000000000000007 /* Debug */ = {
			isa = XCBuildConfiguration;
			buildSettings = {
				CODE_SIGN_STYLE = Automatic;
				DEVELOPMENT_TEAM = WKPCU58CWL;
				GENERATE_INFOPLIST_FILE = YES;
				LD_RUNPATH_SEARCH_PATHS = (
					"$(inherited)",
					"@executable_path/Frameworks",
					"@loader_path/Frameworks",
				);
				PRODUCT_BUNDLE_IDENTIFIER = me.sensta.ios.uitests;
				PRODUCT_NAME = "$(TARGET_NAME)";
				SWIFT_VERSION = 6.0;
				TARGETED_DEVICE_FAMILY = 1;
				TEST_TARGET_NAME = SENSTA;
			};
			name = Debug;
		};
		AA0000000000000000000008 /* Release */ = {
			isa = XCBuildConfiguration;
			buildSettings = {
				CODE_SIGN_STYLE = Automatic;
				DEVELOPMENT_TEAM = WKPCU58CWL;
				GENERATE_INFOPLIST_FILE = YES;
				LD_RUNPATH_SEARCH_PATHS = (
					"$(inherited)",
					"@executable_path/Frameworks",
					"@loader_path/Frameworks",
				);
				PRODUCT_BUNDLE_IDENTIFIER = me.sensta.ios.uitests;
				PRODUCT_NAME = "$(TARGET_NAME)";
				SWIFT_VERSION = 6.0;
				TARGETED_DEVICE_FAMILY = 1;
				TEST_TARGET_NAME = SENSTA;
			};
			name = Release;
		};
/* End XCBuildConfiguration section */

/* Begin XCConfigurationList section */
		AB0000000000000000000001 /* Build configuration list for PBXProject "SENSTA" */ = {
			isa = XCConfigurationList;
			buildConfigurations = (
				AA0000000000000000000001 /* Debug */,
				AA0000000000000000000002 /* Release */,
			);
			defaultConfigurationIsVisible = 0;
			defaultConfigurationName = Release;
		};
		AB0000000000000000000002 /* Build configuration list for PBXNativeTarget "SENSTA" */ = {
			isa = XCConfigurationList;
			buildConfigurations = (
				AA0000000000000000000003 /* Debug */,
				AA0000000000000000000004 /* Release */,
			);
			defaultConfigurationIsVisible = 0;
			defaultConfigurationName = Release;
		};
		AB0000000000000000000003 /* Build configuration list for PBXNativeTarget "SENSTATests" */ = {
			isa = XCConfigurationList;
			buildConfigurations = (
				AA0000000000000000000005 /* Debug */,
				AA0000000000000000000006 /* Release */,
			);
			defaultConfigurationIsVisible = 0;
			defaultConfigurationName = Release;
		};
		AB0000000000000000000004 /* Build configuration list for PBXNativeTarget "SENSTAUITests" */ = {
			isa = XCConfigurationList;
			buildConfigurations = (
				AA0000000000000000000007 /* Debug */,
				AA0000000000000000000008 /* Release */,
			);
			defaultConfigurationIsVisible = 0;
			defaultConfigurationName = Release;
		};
/* End XCConfigurationList section */
	};
	rootObject = A90000000000000000000001 /* Project object */;
}
